
Microsoft Visual Studio Solution File, Format Version 12.00
# Visual Studio 14
VisualStudioVersion = 14.0.25420.1
MinimumVisualStudioVersion = 10.0.40219.1
Project("{FAE04EC0-301F-11D3-BF4B-00C04F79EFBC}") = "AbstractFactoryPattern", "AbstractFactoryPattern\AbstractFactoryPattern.csproj", "{4D9BE58A-CA4A-4301-B5B4-FF7231CBCFC2}"
EndProject
Project("{FAE04EC0-301F-11D3-BF4B-00C04F79EFBC}") = "FactoryMethodPattern", "FactoryMethodPattern\FactoryMethodPattern.csproj", "{5834B8A4-1F6B-43DF-A212-CC683F047D1A}"
EndProject
Project("{FAE04EC0-301F-11D3-BF4B-00C04F79EFBC}") = "PrototypePattern", "PrototypePattern\PrototypePattern.csproj", "{5149B97F-B065-454E-9681-529CA2E5EBF2}"
EndProject
Global
	GlobalSection(SolutionConfigurationPlatforms) = preSolution
		Debug|Any CPU = Debug|Any CPU
		Release|Any CPU = Release|Any CPU
	EndGlobalSection
	GlobalSection(ProjectConfigurationPlatforms) = postSolution
		{4D9BE58A-CA4A-4301-B5B4-FF7231CBCFC2}.Debug|Any CPU.ActiveCfg = Debug|Any CPU
		{4D9BE58A-CA4A-4301-B5B4-FF7231CBCFC2}.Debug|Any CPU.Build.0 = Debug|Any CPU
		{4D9BE58A-CA4A-4301-B5B4-FF7231CBCFC2}.Release|Any CPU.ActiveCfg = Release|Any CPU
		{4D9BE58A-CA4A-4301-B5B4-FF7231CBCFC2}.Release|Any CPU.Build.0 = Release|Any CPU
		{5834B8A4-1F6B-43DF-A212-CC683F047D1A}.Debug|Any CPU.ActiveCfg = Debug|Any CPU
		{5834B8A4-1F6B-43DF-A212-CC683F047D1A}.Debug|Any CPU.Build.0 = Debug|Any CPU
		{5834B8A4-1F6B-43DF-A212-CC683F047D1A}.Release|Any CPU.ActiveCfg = Release|Any CPU
		{5834B8A4-1F6B-43DF-A212-CC683F047D1A}.Release|Any CPU.Build.0 = Release|Any CPU
		{5149B97F-B065-454E-9681-529CA2E5EBF2}.Debug|Any CPU.ActiveCfg = Debug|Any CPU
		{5149B97F-B065-454E-9681-529CA2E5EBF2}.Debug|Any CPU.Build.0 = Debug|Any CPU
		{5149B97F-B065-454E-9681-529CA2E5EBF2}.Release|Any CPU.ActiveCfg = Release|Any CPU
		{5149B97F-B065-454E-9681-529CA2E5EBF2}.Release|Any CPU.Build.0 = Release|Any CPU
	EndGlobalSection
	GlobalSection(SolutionProperties) = preSolution
		HideSolutionNode = FALSE
	EndGlobalSection
EndGlobal
